generate:
  cmd: python .\src\generate.py data/raw/
  deps:
  - path: .\src\generate.py
    md5: 6f25cd9eeb4d383d1e8a9edbd07014b8
    size: 1588
  - path: freq_table.html
    md5: 6c835e3ddedf785b7f66ecdea03a5878
    size: 59888
  params:
    params.yaml:
      generate.seed: 123
  outs:
  - path: data/raw
    md5: cc173faf2c0fde3586709916b9b76146.dir
    size: 10174
    nfiles: 2
