generate:
  cmd: python .\src\generate.py data/raw/
  deps:
  - path: .\src\generate.py
    md5: 99a0b74ebe46083f55d847e39cdd227b
    size: 1675
  - path: freq_table.html
    md5: 6c835e3ddedf785b7f66ecdea03a5878
    size: 59888
  params:
    params.yaml:
      generate:
        count: 100
        sample_freq: 50000
  outs:
  - path: data/raw
    md5: 74efe88b47954a2cc7bb4a4973a2ea39.dir
    size: 99127053
    nfiles: 2
store_features:
  cmd: python ./src/store_features.py data/raw/raw.csv data/features/features.tfrecords
  deps:
  - path: data/raw/raw.csv
    md5: aced5ccc6b33220c6c4236c55d36455f
    size: 99125352
  - path: src/store_features.py
    md5: c8442e3af0ff66ed449f9b07cd263bb2
    size: 1508
  params:
    params.yaml:
      store_features:
  outs:
  - path: data/features
    md5: a31b255b9f2aa363a19b935267c2fb92.dir
    size: 20006400
    nfiles: 1
